
Microsoft Visual Studio Solution File, Format Version 12.00
# Visual Studio Version 17
VisualStudioVersion = 17.14.36518.9 d17.14
MinimumVisualStudioVersion = 10.0.40219.1
Project("{8BC9CEB8-8B4A-11D0-8D11-00A0C91BC942}") = "Zadanie4", "Zadanie4\Zadanie4.vcxproj", "{5308ADEA-5447-45D0-9ECE-9F962C422C40}"
EndProject
Global
	GlobalSection(SolutionConfigurationPlatforms) = preSolution
		Debug|ARM64 = Debug|ARM64
		Debug|x64 = Debug|x64
		Debug|x86 = Debug|x86
		Release|ARM64 = Release|ARM64
		Release|x64 = Release|x64
		Release|x86 = Release|x86
	EndGlobalSection
	GlobalSection(ProjectConfigurationPlatforms) = postSolution
		{5308ADEA-5447-45D0-9ECE-9F962C422C40}.Debug|ARM64.ActiveCfg = Debug|ARM64
		{5308ADEA-5447-45D0-9ECE-9F962C422C40}.Debug|ARM64.Build.0 = Debug|ARM64
		{5308ADEA-5447-45D0-9ECE-9F962C422C40}.Debug|x64.ActiveCfg = Debug|x64
		{5308ADEA-5447-45D0-9ECE-9F962C422C40}.Debug|x64.Build.0 = Debug|x64
		{5308ADEA-5447-45D0-9ECE-9F962C422C40}.Debug|x86.ActiveCfg = Debug|Win32
		{5308ADEA-5447-45D0-9ECE-9F962C422C40}.Debug|x86.Build.0 = Debug|Win32
		{5308ADEA-5447-45D0-9ECE-9F962C422C40}.Release|ARM64.ActiveCfg = Release|ARM64
		{5308ADEA-5447-45D0-9ECE-9F962C422C40}.Release|ARM64.Build.0 = Release|ARM64
		{5308ADEA-5447-45D0-9ECE-9F962C422C40}.Release|x64.ActiveCfg = Release|x64
		{5308ADEA-5447-45D0-9ECE-9F962C422C40}.Release|x64.Build.0 = Release|x64
		{5308ADEA-5447-45D0-9ECE-9F962C422C40}.Release|x86.ActiveCfg = Release|Win32
		{5308ADEA-5447-45D0-9ECE-9F962C422C40}.Release|x86.Build.0 = Release|Win32
	EndGlobalSection
	GlobalSection(SolutionProperties) = preSolution
		HideSolutionNode = FALSE
	EndGlobalSection
	GlobalSection(ExtensibilityGlobals) = postSolution
		SolutionGuid = {ABEC3689-74EE-4421-8F2E-13E272F1A376}
	EndGlobalSection
EndGlobal
